
Microsoft Visual Studio Solution File, Format Version 12.00
# Visual Studio Version 17
VisualStudioVersion = 17.14.36811.4 d17.14
MinimumVisualStudioVersion = 10.0.40219.1
Project("{FAE04EC0-301F-11D3-BF4B-00C04F79EFBC}") = "Entity Framework Task", "Entity Framework Task\Entity Framework Task.csproj", "{97977DC8-4B7C-4C87-9AC0-77BA7E248A90}"
EndProject
Global
	GlobalSection(SolutionConfigurationPlatforms) = preSolution
		Debug|Any CPU = Debug|Any CPU
		Release|Any CPU = Release|Any CPU
	EndGlobalSection
	GlobalSection(ProjectConfigurationPlatforms) = postSolution
		{97977DC8-4B7C-4C87-9AC0-77BA7E248A90}.Debug|Any CPU.ActiveCfg = Debug|Any CPU
		{97977DC8-4B7C-4C87-9AC0-77BA7E248A90}.Debug|Any CPU.Build.0 = Debug|Any CPU
		{97977DC8-4B7C-4C87-9AC0-77BA7E248A90}.Release|Any CPU.ActiveCfg = Release|Any CPU
		{97977DC8-4B7C-4C87-9AC0-77BA7E248A90}.Release|Any CPU.Build.0 = Release|Any CPU
	EndGlobalSection
	GlobalSection(SolutionProperties) = preSolution
		HideSolutionNode = FALSE
	EndGlobalSection
	GlobalSection(ExtensibilityGlobals) = postSolution
		SolutionGuid = {7F13E1DE-A704-44AC-92E0-0E374ABECC42}
	EndGlobalSection
EndGlobal
